
Microsoft Visual Studio Solution File, Format Version 12.00
# Visual Studio Version 17
VisualStudioVersion = 17.11.35219.272
MinimumVisualStudioVersion = 10.0.40219.1
Project("{FAE04EC0-301F-11D3-BF4B-00C04F79EFBC}") = "CIT125-P3C", "CIT125-P3C\CIT125-P3C.csproj", "{D6F554DA-9FC1-48E4-89F6-79EFF890E512}"
EndProject
Global
	GlobalSection(SolutionConfigurationPlatforms) = preSolution
		Debug|Any CPU = Debug|Any CPU
		Release|Any CPU = Release|Any CPU
	EndGlobalSection
	GlobalSection(ProjectConfigurationPlatforms) = postSolution
		{D6F554DA-9FC1-48E4-89F6-79EFF890E512}.Debug|Any CPU.ActiveCfg = Debug|Any CPU
		{D6F554DA-9FC1-48E4-89F6-79EFF890E512}.Debug|Any CPU.Build.0 = Debug|Any CPU
		{D6F554DA-9FC1-48E4-89F6-79EFF890E512}.Release|Any CPU.ActiveCfg = Release|Any CPU
		{D6F554DA-9FC1-48E4-89F6-79EFF890E512}.Release|Any CPU.Build.0 = Release|Any CPU
	EndGlobalSection
	GlobalSection(SolutionProperties) = preSolution
		HideSolutionNode = FALSE
	EndGlobalSection
	GlobalSection(ExtensibilityGlobals) = postSolution
		SolutionGuid = {F1712E37-978E-40F7-8189-D3C297A0CF59}
	EndGlobalSection
EndGlobal
